
Microsoft Visual Studio Solution File, Format Version 12.00
# Visual Studio Version 17
VisualStudioVersion = 17.0.32112.339
MinimumVisualStudioVersion = 10.0.40219.1
Project("{FAE04EC0-301F-11D3-BF4B-00C04F79EFBC}") = "Ex7", "Ex7\Ex7.csproj", "{26578238-3CD4-4E6F-982D-6CB3C3B86DB0}"
EndProject
Global
	GlobalSection(SolutionConfigurationPlatforms) = preSolution
		Debug|Any CPU = Debug|Any CPU
		Release|Any CPU = Release|Any CPU
	EndGlobalSection
	GlobalSection(ProjectConfigurationPlatforms) = postSolution
		{26578238-3CD4-4E6F-982D-6CB3C3B86DB0}.Debug|Any CPU.ActiveCfg = Debug|Any CPU
		{26578238-3CD4-4E6F-982D-6CB3C3B86DB0}.Debug|Any CPU.Build.0 = Debug|Any CPU
		{26578238-3CD4-4E6F-982D-6CB3C3B86DB0}.Release|Any CPU.ActiveCfg = Release|Any CPU
		{26578238-3CD4-4E6F-982D-6CB3C3B86DB0}.Release|Any CPU.Build.0 = Release|Any CPU
	EndGlobalSection
	GlobalSection(SolutionProperties) = preSolution
		HideSolutionNode = FALSE
	EndGlobalSection
	GlobalSection(ExtensibilityGlobals) = postSolution
		SolutionGuid = {1863EF6E-F101-4D71-92D1-7D0CDA281511}
	EndGlobalSection
EndGlobal
